
Microsoft Visual Studio Solution File, Format Version 12.00
# Visual Studio Version 16
VisualStudioVersion = 16.0.31129.286
MinimumVisualStudioVersion = 10.0.40219.1
Project("{FAE04EC0-301F-11D3-BF4B-00C04F79EFBC}") = "TallerCalc.Android", "TallerCalc\TallerCalc.Android\TallerCalc.Android.csproj", "{2577FFDF-B619-45E7-B451-F0D2BAD1240A}"
EndProject
Project("{FAE04EC0-301F-11D3-BF4B-00C04F79EFBC}") = "TallerCalc.iOS", "TallerCalc\TallerCalc.iOS\TallerCalc.iOS.csproj", "{96296A7C-BA01-4A5A-AC40-463079A9AD23}"
EndProject
Project("{FAE04EC0-301F-11D3-BF4B-00C04F79EFBC}") = "TallerCalc", "TallerCalc\TallerCalc\TallerCalc.csproj", "{AE173926-AE85-4FD8-A7E0-442C7AECE3C8}"
EndProject
Global
	GlobalSection(SolutionConfigurationPlatforms) = preSolution
		Debug|Any CPU = Debug|Any CPU
		Debug|iPhone = Debug|iPhone
		Debug|iPhoneSimulator = Debug|iPhoneSimulator
		Release|Any CPU = Release|Any CPU
		Release|iPhone = Release|iPhone
		Release|iPhoneSimulator = Release|iPhoneSimulator
	EndGlobalSection
	GlobalSection(ProjectConfigurationPlatforms) = postSolution
		{2577FFDF-B619-45E7-B451-F0D2BAD1240A}.Debug|Any CPU.ActiveCfg = Debug|Any CPU
		{2577FFDF-B619-45E7-B451-F0D2BAD1240A}.Debug|Any CPU.Build.0 = Debug|Any CPU
		{2577FFDF-B619-45E7-B451-F0D2BAD1240A}.Debug|Any CPU.Deploy.0 = Debug|Any CPU
		{2577FFDF-B619-45E7-B451-F0D2BAD1240A}.Debug|iPhone.ActiveCfg = Debug|Any CPU
		{2577FFDF-B619-45E7-B451-F0D2BAD1240A}.Debug|iPhone.Build.0 = Debug|Any CPU
		{2577FFDF-B619-45E7-B451-F0D2BAD1240A}.Debug|iPhone.Deploy.0 = Debug|Any CPU
		{2577FFDF-B619-45E7-B451-F0D2BAD1240A}.Debug|iPhoneSimulator.ActiveCfg = Debug|Any CPU
		{2577FFDF-B619-45E7-B451-F0D2BAD1240A}.Debug|iPhoneSimulator.Build.0 = Debug|Any CPU
		{2577FFDF-B619-45E7-B451-F0D2BAD1240A}.Debug|iPhoneSimulator.Deploy.0 = Debug|Any CPU
		{2577FFDF-B619-45E7-B451-F0D2BAD1240A}.Release|Any CPU.ActiveCfg = Release|Any CPU
		{2577FFDF-B619-45E7-B451-F0D2BAD1240A}.Release|Any CPU.Build.0 = Release|Any CPU
		{2577FFDF-B619-45E7-B451-F0D2BAD1240A}.Release|Any CPU.Deploy.0 = Release|Any CPU
		{2577FFDF-B619-45E7-B451-F0D2BAD1240A}.Release|iPhone.ActiveCfg = Release|Any CPU
		{2577FFDF-B619-45E7-B451-F0D2BAD1240A}.Release|iPhone.Build.0 = Release|Any CPU
		{2577FFDF-B619-45E7-B451-F0D2BAD1240A}.Release|iPhone.Deploy.0 = Release|Any CPU
		{2577FFDF-B619-45E7-B451-F0D2BAD1240A}.Release|iPhoneSimulator.ActiveCfg = Release|Any CPU
		{2577FFDF-B619-45E7-B451-F0D2BAD1240A}.Release|iPhoneSimulator.Build.0 = Release|Any CPU
		{2577FFDF-B619-45E7-B451-F0D2BAD1240A}.Release|iPhoneSimulator.Deploy.0 = Release|Any CPU
		{96296A7C-BA01-4A5A-AC40-463079A9AD23}.Debug|Any CPU.ActiveCfg = Debug|iPhone
		{96296A7C-BA01-4A5A-AC40-463079A9AD23}.Debug|Any CPU.Build.0 = Debug|iPhone
		{96296A7C-BA01-4A5A-AC40-463079A9AD23}.Debug|Any CPU.Deploy.0 = Debug|iPhone
		{96296A7C-BA01-4A5A-AC40-463079A9AD23}.Debug|iPhone.ActiveCfg = Debug|iPhone
		{96296A7C-BA01-4A5A-AC40-463079A9AD23}.Debug|iPhone.Build.0 = Debug|iPhone
		{96296A7C-BA01-4A5A-AC40-463079A9AD23}.Debug|iPhone.Deploy.0 = Debug|iPhone
		{96296A7C-BA01-4A5A-AC40-463079A9AD23}.Debug|iPhoneSimulator.ActiveCfg = Debug|iPhoneSimulator
		{96296A7C-BA01-4A5A-AC40-463079A9AD23}.Debug|iPhoneSimulator.Build.0 = Debug|iPhoneSimulator
		{96296A7C-BA01-4A5A-AC40-463079A9AD23}.Debug|iPhoneSimulator.Deploy.0 = Debug|iPhoneSimulator
		{96296A7C-BA01-4A5A-AC40-463079A9AD23}.Release|Any CPU.ActiveCfg = Release|iPhoneSimulator
		{96296A7C-BA01-4A5A-AC40-463079A9AD23}.Release|Any CPU.Build.0 = Release|iPhoneSimulator
		{96296A7C-BA01-4A5A-AC40-463079A9AD23}.Release|Any CPU.Deploy.0 = Release|iPhoneSimulator
		{96296A7C-BA01-4A5A-AC40-463079A9AD23}.Release|iPhone.ActiveCfg = Release|iPhone
		{96296A7C-BA01-4A5A-AC40-463079A9AD23}.Release|iPhone.Build.0 = Release|iPhone
		{96296A7C-BA01-4A5A-AC40-463079A9AD23}.Release|iPhone.Deploy.0 = Release|iPhone
		{96296A7C-BA01-4A5A-AC40-463079A9AD23}.Release|iPhoneSimulator.ActiveCfg = Release|iPhoneSimulator
		{96296A7C-BA01-4A5A-AC40-463079A9AD23}.Release|iPhoneSimulator.Build.0 = Release|iPhoneSimulator
		{96296A7C-BA01-4A5A-AC40-463079A9AD23}.Release|iPhoneSimulator.Deploy.0 = Release|iPhoneSimulator
		{AE173926-AE85-4FD8-A7E0-442C7AECE3C8}.Debug|Any CPU.ActiveCfg = Debug|Any CPU
		{AE173926-AE85-4FD8-A7E0-442C7AECE3C8}.Debug|Any CPU.Build.0 = Debug|Any CPU
		{AE173926-AE85-4FD8-A7E0-442C7AECE3C8}.Debug|Any CPU.Deploy.0 = Debug|Any CPU
		{AE173926-AE85-4FD8-A7E0-442C7AECE3C8}.Debug|iPhone.ActiveCfg = Debug|Any CPU
		{AE173926-AE85-4FD8-A7E0-442C7AECE3C8}.Debug|iPhone.Build.0 = Debug|Any CPU
		{AE173926-AE85-4FD8-A7E0-442C7AECE3C8}.Debug|iPhone.Deploy.0 = Debug|Any CPU
		{AE173926-AE85-4FD8-A7E0-442C7AECE3C8}.Debug|iPhoneSimulator.ActiveCfg = Debug|Any CPU
		{AE173926-AE85-4FD8-A7E0-442C7AECE3C8}.Debug|iPhoneSimulator.Build.0 = Debug|Any CPU
		{AE173926-AE85-4FD8-A7E0-442C7AECE3C8}.Debug|iPhoneSimulator.Deploy.0 = Debug|Any CPU
		{AE173926-AE85-4FD8-A7E0-442C7AECE3C8}.Release|Any CPU.ActiveCfg = Release|Any CPU
		{AE173926-AE85-4FD8-A7E0-442C7AECE3C8}.Release|Any CPU.Build.0 = Release|Any CPU
		{AE173926-AE85-4FD8-A7E0-442C7AECE3C8}.Release|Any CPU.Deploy.0 = Release|Any CPU
		{AE173926-AE85-4FD8-A7E0-442C7AECE3C8}.Release|iPhone.ActiveCfg = Release|Any CPU
		{AE173926-AE85-4FD8-A7E0-442C7AECE3C8}.Release|iPhone.Build.0 = Release|Any CPU
		{AE173926-AE85-4FD8-A7E0-442C7AECE3C8}.Release|iPhone.Deploy.0 = Release|Any CPU
		{AE173926-AE85-4FD8-A7E0-442C7AECE3C8}.Release|iPhoneSimulator.ActiveCfg = Release|Any CPU
		{AE173926-AE85-4FD8-A7E0-442C7AECE3C8}.Release|iPhoneSimulator.Build.0 = Release|Any CPU
		{AE173926-AE85-4FD8-A7E0-442C7AECE3C8}.Release|iPhoneSimulator.Deploy.0 = Release|Any CPU
	EndGlobalSection
	GlobalSection(SolutionProperties) = preSolution
		HideSolutionNode = FALSE
	EndGlobalSection
	GlobalSection(ExtensibilityGlobals) = postSolution
		SolutionGuid = {7E2CD337-6D32-4FB7-BABF-03A5AA6B4876}
	EndGlobalSection
EndGlobal
